
Microsoft Visual Studio Solution File, Format Version 12.00
# Visual Studio Version 17
VisualStudioVersion = 17.10.35027.167
MinimumVisualStudioVersion = 10.0.40219.1
Project("{9A19103F-16F7-4668-BE54-9A1E7A4F7556}") = "api_sk1_01efc", "api_sk1_01efc\api_sk1_01efc.csproj", "{650397F3-479F-4F8F-871C-EA95C034B7AC}"
EndProject
Project("{FAE04EC0-301F-11D3-BF4B-00C04F79EFBC}") = "api_sk1_02files", "api_sk1_02files\api_sk1_02files.csproj", "{21E86DE5-5BC0-4BEE-AE1A-6F6EE41038E1}"
EndProject
Project("{2150E333-8FDC-42A3-9474-1A3956D46DE8}") = "Upload client", "Upload client", "{CE9CB40E-42A4-40DF-B462-F17F171F8815}"
	ProjectSection(SolutionItems) = preProject
		index.html = index.html
	EndProjectSection
EndProject
Global
	GlobalSection(SolutionConfigurationPlatforms) = preSolution
		Debug|Any CPU = Debug|Any CPU
		Release|Any CPU = Release|Any CPU
	EndGlobalSection
	GlobalSection(ProjectConfigurationPlatforms) = postSolution
		{650397F3-479F-4F8F-871C-EA95C034B7AC}.Debug|Any CPU.ActiveCfg = Debug|Any CPU
		{650397F3-479F-4F8F-871C-EA95C034B7AC}.Debug|Any CPU.Build.0 = Debug|Any CPU
		{650397F3-479F-4F8F-871C-EA95C034B7AC}.Release|Any CPU.ActiveCfg = Release|Any CPU
		{650397F3-479F-4F8F-871C-EA95C034B7AC}.Release|Any CPU.Build.0 = Release|Any CPU
		{21E86DE5-5BC0-4BEE-AE1A-6F6EE41038E1}.Debug|Any CPU.ActiveCfg = Debug|Any CPU
		{21E86DE5-5BC0-4BEE-AE1A-6F6EE41038E1}.Debug|Any CPU.Build.0 = Debug|Any CPU
		{21E86DE5-5BC0-4BEE-AE1A-6F6EE41038E1}.Release|Any CPU.ActiveCfg = Release|Any CPU
		{21E86DE5-5BC0-4BEE-AE1A-6F6EE41038E1}.Release|Any CPU.Build.0 = Release|Any CPU
	EndGlobalSection
	GlobalSection(SolutionProperties) = preSolution
		HideSolutionNode = FALSE
	EndGlobalSection
	GlobalSection(ExtensibilityGlobals) = postSolution
		SolutionGuid = {094542D1-22FA-4D8B-B092-A3FB592155AF}
	EndGlobalSection
EndGlobal
